
Microsoft Visual Studio Solution File, Format Version 12.00
# Visual Studio Version 17
VisualStudioVersion = 17.13.35825.156 d17.13
MinimumVisualStudioVersion = 10.0.40219.1
Project("{FAE04EC0-301F-11D3-BF4B-00C04F79EFBC}") = "23708795_INF272_Practical3", "23708795_INF272_Practical3.csproj", "{51EB13D4-22D0-4139-932F-4685411AD3D1}"
EndProject
Global
	GlobalSection(SolutionConfigurationPlatforms) = preSolution
		Debug|Any CPU = Debug|Any CPU
		Release|Any CPU = Release|Any CPU
	EndGlobalSection
	GlobalSection(ProjectConfigurationPlatforms) = postSolution
		{51EB13D4-22D0-4139-932F-4685411AD3D1}.Debug|Any CPU.ActiveCfg = Debug|Any CPU
		{51EB13D4-22D0-4139-932F-4685411AD3D1}.Debug|Any CPU.Build.0 = Debug|Any CPU
		{51EB13D4-22D0-4139-932F-4685411AD3D1}.Release|Any CPU.ActiveCfg = Release|Any CPU
		{51EB13D4-22D0-4139-932F-4685411AD3D1}.Release|Any CPU.Build.0 = Release|Any CPU
	EndGlobalSection
	GlobalSection(SolutionProperties) = preSolution
		HideSolutionNode = FALSE
	EndGlobalSection
	GlobalSection(ExtensibilityGlobals) = postSolution
		SolutionGuid = {842F2E57-4BB1-4CB4-AAEB-0D54C148B46C}
	EndGlobalSection
EndGlobal
